// !$*UTF8*$!
{
	archiveVersion = 1;
	classes = {
	};
	objectVersion = 48;
	objects = {

/* Begin PBXBuildFile section */
		18A29EB920A7F3ED00AC78D6 /* AppDelegate.swift in Sources */ = {isa = PBXBuildFile; fileRef = 18A29EB820A7F3ED00AC78D6 /* AppDelegate.swift */; };
		18A29EBB20A7F3ED00AC78D6 /* ViewController.swift in Sources */ = {isa = PBXBuildFile; fileRef = 18A29EBA20A7F3ED00AC78D6 /* ViewController.swift */; };
		18A29EBE20A7F3ED00AC78D6 /* Main.storyboard in Resources */ = {isa = PBXBuildFile; fileRef = 18A29EBC20A7F3ED00AC78D6 /* Main.storyboard */; };
		18A29EC120A7F3ED00AC78D6 /* CIISgame.xcdatamodeld in Sources */ = {isa = PBXBuildFile; fileRef = 18A29EBF20A7F3ED00AC78D6 /* CIISgame.xcdatamodeld */; };
		18A29EC320A7F3ED00AC78D6 /* Assets.xcassets in Resources */ = {isa = PBXBuildFile; fileRef = 18A29EC220A7F3ED00AC78D6 /* Assets.xcassets */; };
		18A29EC620A7F3ED00AC78D6 /* LaunchScreen.storyboard in Resources */ = {isa = PBXBuildFile; fileRef = 18A29EC420A7F3ED00AC78D6 /* LaunchScreen.storyboard */; };
		18A29ED120A7F3ED00AC78D6 /* CIISgameTests.swift in Sources */ = {isa = PBXBuildFile; fileRef = 18A29ED020A7F3ED00AC78D6 /* CIISgameTests.swift */; };
		18A29EDC20A7F3ED00AC78D6 /* CIISgameUITests.swift in Sources */ = {isa = PBXBuildFile; fileRef = 18A29EDB20A7F3ED00AC78D6 /* CIISgameUITests.swift */; };
/* End PBXBuildFile section */

/* Begin PBXContainerItemProxy section */
		18A29ECD20A7F3ED00AC78D6 /* PBXContainerItemProxy */ = {
			isa = PBXContainerItemProxy;
			containerPortal = 18A29EAD20A7F3ED00AC78D6 /* Project object */;
			proxyType = 1;
			remoteGlobalIDString = 18A29EB420A7F3ED00AC78D6;
			remoteInfo = CIISgame;
		};
		18A29ED820A7F3ED00AC78D6 /* PBXContainerItemProxy */ = {
			isa = PBXContainerItemProxy;
			containerPortal = 18A29EAD20A7F3ED00AC78D6 /* Project object */;
			proxyType = 1;
			remoteGlobalIDString = 18A29EB420A7F3ED00AC78D6;
			remoteInfo = CIISgame;
		};
/* End PBXContainerItemProxy section */

/* Begin PBXFileReference section */
		18A29EB520A7F3ED00AC78D6 /* CIISgame.app */ = {isa = PBXFileReference; explicitFileType = wrapper.application; includeInIndex = 0; path = CIISgame.app; sourceTree = BUILT_PRODUCTS_DIR; };
		18A29EB820A7F3ED00AC78D6 /* AppDelegate.swift */ = {isa = PBXFileReference; lastKnownFileType = sourcecode.swift; path = AppDelegate.swift; sourceTree = "<group>"; };
		18A29EBA20A7F3ED00AC78D6 /* ViewController.swift */ = {isa = PBXFileReference; lastKnownFileType = sourcecode.swift; path = ViewController.swift; sourceTree = "<group>"; };
		18A29EBD20A7F3ED00AC78D6 /* Base */ = {isa = PBXFileReference; lastKnownFileType = file.storyboard; name = Base; path = Base.lproj/Main.storyboard; sourceTree = "<group>"; };
		18A29EC020A7F3ED00AC78D6 /* CIISgame.xcdatamodel */ = {isa = PBXFileReference; lastKnownFileType = wrapper.xcdatamodel; path = CIISgame.xcdatamodel; sourceTree = "<group>"; };
		18A29EC220A7F3ED00AC78D6 /* Assets.xcassets */ = {isa = PBXFileReference; lastKnownFileType = folder.assetcatalog; path = Assets.xcassets; sourceTree = "<group>"; };
		18A29EC520A7F3ED00AC78D6 /* Base */ = {isa = PBXFileReference; lastKnownFileType = file.storyboard; name = Base; path = Base.lproj/LaunchScreen.storyboard; sourceTree = "<group>"; };
		18A29EC720A7F3ED00AC78D6 /* Info.plist */ = {isa = PBXFileReference; lastKnownFileType = text.plist.xml; path = Info.plist; sourceTree = "<group>"; };
		18A29ECC20A7F3ED00AC78D6 /* CIISgameTests.xctest */ = {isa = PBXFileReference; explicitFileType = wrapper.cfbundle; includeInIndex = 0; path = CIISgameTests.xctest; sourceTree = BUILT_PRODUCTS_DIR; };
		18A29ED020A7F3ED00AC78D6 /* CIISgameTests.swift */ = {isa = PBXFileReference; lastKnownFileType = sourcecode.swift; path = CIISgameTests.swift; sourceTree = "<group>"; };
		18A29ED220A7F3ED00AC78D6 /* Info.plist */ = {isa = PBXFileReference; lastKnownFileType = text.plist.xml; path = Info.plist; sourceTree = "<group>"; };
		18A29ED720A7F3ED00AC78D6 /* CIISgameUITests.xctest */ = {isa = PBXFileReference; explicitFileType = wrapper.cfbundle; includeInIndex = 0; path = CIISgameUITests.xctest; sourceTree = BUILT_PRODUCTS_DIR; };
		18A29EDB20A7F3ED00AC78D6 /* CIISgameUITests.swift */ = {isa = PBXFileReference; lastKnownFileType = sourcecode.swift; path = CIISgameUITests.swift; sourceTree = "<group>"; };
		18A29EDD20A7F3ED00AC78D6 /* Info.plist */ = {isa = PBXFileReference; lastKnownFileType = text.plist.xml; path = Info.plist; sourceTree = "<group>"; };
/* End PBXFileReference section */

/* Begin PBXFrameworksBuildPhase section */
		18A29EB220A7F3ED00AC78D6 /* Frameworks */ = {
			isa = PBXFrameworksBuildPhase;
			buildActionMask = 2147483647;
			files = (
			);
			runOnlyForDeploymentPostprocessing = 0;
		};
		18A29EC920A7F3ED00AC78D6 /* Frameworks */ = {
			isa = PBXFrameworksBuildPhase;
			buildActionMask = 2147483647;
			files = (
			);
			runOnlyForDeploymentPostprocessing = 0;
		};
		18A29ED420A7F3ED00AC78D6 /* Frameworks */ = {
			isa = PBXFrameworksBuildPhase;
			buildActionMask = 2147483647;
			files = (
			);
			runOnlyForDeploymentPostprocessing = 0;
		};
/* End PBXFrameworksBuildPhase section */

/* Begin PBXGroup section */
		18A29EAC20A7F3ED00AC78D6 = {
			isa = PBXGroup;
			children = (
				18A29EB720A7F3ED00AC78D6 /* CIISgame */,
				18A29ECF20A7F3ED00AC78D6 /* CIISgameTests */,
				18A29EDA20A7F3ED00AC78D6 /* CIISgameUITests */,
				18A29EB620A7F3ED00AC78D6 /* Products */,
			);
			sourceTree = "<group>";
		};
		18A29EB620A7F3ED00AC78D6 /* Products */ = {
			isa = PBXGroup;
			children = (
				18A29EB520A7F3ED00AC78D6 /* CIISgame.app */,
				18A29ECC20A7F3ED00AC78D6 /* CIISgameTests.xctest */,
				18A29ED720A7F3ED00AC78D6 /* CIISgameUITests.xctest */,
			);
			name = Products;
			sourceTree = "<group>";
		};
		18A29EB720A7F3ED00AC78D6 /* CIISgame */ = {
			isa = PBXGroup;
			children = (
				18A29EB820A7F3ED00AC78D6 /* AppDelegate.swift */,
				18A29EBA20A7F3ED00AC78D6 /* ViewController.swift */,
				18A29EBC20A7F3ED00AC78D6 /* Main.storyboard */,
				18A29EC220A7F3ED00AC78D6 /* Assets.xcassets */,
				18A29EC420A7F3ED00AC78D6 /* LaunchScreen.storyboard */,
				18A29EC720A7F3ED00AC78D6 /* Info.plist */,
				18A29EBF20A7F3ED00AC78D6 /* CIISgame.xcdatamodeld */,
			);
			path = CIISgame;
			sourceTree = "<group>";
		};
		18A29ECF20A7F3ED00AC78D6 /* CIISgameTests */ = {
			isa = PBXGroup;
			children = (
				18A29ED020A7F3ED00AC78D6 /* CIISgameTests.swift */,
				18A29ED220A7F3ED00AC78D6 /* Info.plist */,
			);
			path = CIISgameTests;
			sourceTree = "<group>";
		};
		18A29EDA20A7F3ED00AC78D6 /* CIISgameUITests */ = {
			isa = PBXGroup;
			children = (
				18A29EDB20A7F3ED00AC78D6 /* CIISgameUITests.swift */,
				18A29EDD20A7F3ED00AC78D6 /* Info.plist */,
			);
			path = CIISgameUITests;
			sourceTree = "<group>";
		};
/* End PBXGroup section */

/* Begin PBXNativeTarget section */
		18A29EB420A7F3ED00AC78D6 /* CIISgame */ = {
			isa = PBXNativeTarget;
			buildConfigurationList = 18A29EE020A7F3ED00AC78D6 /* Build configuration list for PBXNativeTarget "CIISgame" */;
			buildPhases = (
				18A29EB120A7F3ED00AC78D6 /* Sources */,
				18A29EB220A7F3ED00AC78D6 /* Frameworks */,
				18A29EB320A7F3ED00AC78D6 /* Resources */,
			);
			buildRules = (
			);
			dependencies = (
			);
			name = CIISgame;
			productName = CIISgame;
			productReference = 18A29EB520A7F3ED00AC78D6 /* CIISgame.app */;
			productType = "com.apple.product-type.application";
		};
		18A29ECB20A7F3ED00AC78D6 /* CIISgameTests */ = {
			isa = PBXNativeTarget;
			buildConfigurationList = 18A29EE320A7F3ED00AC78D6 /* Build configuration list for PBXNativeTarget "CIISgameTests" */;
			buildPhases = (
				18A29EC820A7F3ED00AC78D6 /* Sources */,
				18A29EC920A7F3ED00AC78D6 /* Frameworks */,
				18A29ECA20A7F3ED00AC78D6 /* Resources */,
			);
			buildRules = (
			);
			dependencies = (
				18A29ECE20A7F3ED00AC78D6 /* PBXTargetDependency */,
			);
			name = CIISgameTests;
			productName = CIISgameTests;
			productReference = 18A29ECC20A7F3ED00AC78D6 /* CIISgameTests.xctest */;
			productType = "com.apple.product-type.bundle.unit-test";
		};
		18A29ED620A7F3ED00AC78D6 /* CIISgameUITests */ = {
			isa = PBXNativeTarget;
			buildConfigurationList = 18A29EE620A7F3ED00AC78D6 /* Build configuration list for PBXNativeTarget "CIISgameUITests" */;
			buildPhases = (
				18A29ED320A7F3ED00AC78D6 /* Sources */,
				18A29ED420A7F3ED00AC78D6 /* Frameworks */,
				18A29ED520A7F3ED00AC78D6 /* Resources */,
			);
			buildRules = (
			);
			dependencies = (
				18A29ED920A7F3ED00AC78D6 /* PBXTargetDependency */,
			);
			name = CIISgameUITests;
			productName = CIISgameUITests;
			productReference = 18A29ED720A7F3ED00AC78D6 /* CIISgameUITests.xctest */;
			productType = "com.apple.product-type.bundle.ui-testing";
		};
/* End PBXNativeTarget section */

/* Begin PBXProject section */
		18A29EAD20A7F3ED00AC78D6 /* Project object */ = {
			isa = PBXProject;
			attributes = {
				LastSwiftUpdateCheck = 0920;
				LastUpgradeCheck = 0920;
				ORGANIZATIONNAME = esis;
				TargetAttributes = {
					18A29EB420A7F3ED00AC78D6 = {
						CreatedOnToolsVersion = 9.2;
						ProvisioningStyle = Automatic;
					};
					18A29ECB20A7F3ED00AC78D6 = {
						CreatedOnToolsVersion = 9.2;
						ProvisioningStyle = Automatic;
						TestTargetID = 18A29EB420A7F3ED00AC78D6;
					};
					18A29ED620A7F3ED00AC78D6 = {
						CreatedOnToolsVersion = 9.2;
						ProvisioningStyle = Automatic;
						TestTargetID = 18A29EB420A7F3ED00AC78D6;
					};
				};
			};
			buildConfigurationList = 18A29EB020A7F3ED00AC78D6 /* Build configuration list for PBXProject "CIISgame" */;
			compatibilityVersion = "Xcode 8.0";
			developmentRegion = en;
			hasScannedForEncodings = 0;
			knownRegions = (
				en,
				Base,
			);
			mainGroup = 18A29EAC20A7F3ED00AC78D6;
			productRefGroup = 18A29EB620A7F3ED00AC78D6 /* Products */;
			projectDirPath = "";
			projectRoot = "";
			targets = (
				18A29EB420A7F3ED00AC78D6 /* CIISgame */,
				18A29ECB20A7F3ED00AC78D6 /* CIISgameTests */,
				18A29ED620A7F3ED00AC78D6 /* CIISgameUITests */,
			);
		};
/* End PBXProject section */

/* Begin PBXResourcesBuildPhase section */
		18A29EB320A7F3ED00AC78D6 /* Resources */ = {
			isa = PBXResourcesBuildPhase;
			buildActionMask = 2147483647;
			files = (
				18A29EC620A7F3ED00AC78D6 /* LaunchScreen.storyboard in Resources */,
				18A29EC320A7F3ED00AC78D6 /* Assets.xcassets in Resources */,
				18A29EBE20A7F3ED00AC78D6 /* Main.storyboard in Resources */,
			);
			runOnlyForDeploymentPostprocessing = 0;
		};
		18A29ECA20A7F3ED00AC78D6 /* Resources */ = {
			isa = PBXResourcesBuildPhase;
			buildActionMask = 2147483647;
			files = (
			);
			runOnlyForDeploymentPostprocessing = 0;
		};
		18A29ED520A7F3ED00AC78D6 /* Resources */ = {
			isa = PBXResourcesBuildPhase;
			buildActionMask = 2147483647;
			files = (
			);
			runOnlyForDeploymentPostprocessing = 0;
		};
/* End PBXResourcesBuildPhase section */

/* Begin PBXSourcesBuildPhase section */
		18A29EB120A7F3ED00AC78D6 /* Sources */ = {
			isa = PBXSourcesBuildPhase;
			buildActionMask = 2147483647;
			files = (
				18A29EBB20A7F3ED00AC78D6 /* ViewController.swift in Sources */,
				18A29EC120A7F3ED00AC78D6 /* CIISgame.xcdatamodeld in Sources */,
				18A29EB920A7F3ED00AC78D6 /* AppDelegate.swift in Sources */,
			);
			runOnlyForDeploymentPostprocessing = 0;
		};
		18A29EC820A7F3ED00AC78D6 /* Sources */ = {
			isa = PBXSourcesBuildPhase;
			buildActionMask = 2147483647;
			files = (
				18A29ED120A7F3ED00AC78D6 /* CIISgameTests.swift in Sources */,
			);
			runOnlyForDeploymentPostprocessing = 0;
		};
		18A29ED320A7F3ED00AC78D6 /* Sources */ = {
			isa = PBXSourcesBuildPhase;
			buildActionMask = 2147483647;
			files = (
				18A29EDC20A7F3ED00AC78D6 /* CIISgameUITests.swift in Sources */,
			);
			runOnlyForDeploymentPostprocessing = 0;
		};
/* End PBXSourcesBuildPhase section */

/* Begin PBXTargetDependency section */
		18A29ECE20A7F3ED00AC78D6 /* PBXTargetDependency */ = {
			isa = PBXTargetDependency;
			target = 18A29EB420A7F3ED00AC78D6 /* CIISgame */;
			targetProxy = 18A29ECD20A7F3ED00AC78D6 /* PBXContainerItemProxy */;
		};
		18A29ED920A7F3ED00AC78D6 /* PBXTargetDependency */ = {
			isa = PBXTargetDependency;
			target = 18A29EB420A7F3ED00AC78D6 /* CIISgame */;
			targetProxy = 18A29ED820A7F3ED00AC78D6 /* PBXContainerItemProxy */;
		};
/* End PBXTargetDependency section */

/* Begin PBXVariantGroup section */
		18A29EBC20A7F3ED00AC78D6 /* Main.storyboard */ = {
			isa = PBXVariantGroup;
			children = (
				18A29EBD20A7F3ED00AC78D6 /* Base */,
			);
			name = Main.storyboard;
			sourceTree = "<group>";
		};
		18A29EC420A7F3ED00AC78D6 /* LaunchScreen.storyboard */ = {
			isa = PBXVariantGroup;
			children = (
				18A29EC520A7F3ED00AC78D6 /* Base */,
			);
			name = LaunchScreen.storyboard;
			sourceTree = "<group>";
		};
/* End PBXVariantGroup section */

/* Begin XCBuildConfiguration section */
		18A29EDE20A7F3ED00AC78D6 /* Debug */ = {
			isa = XCBuildConfiguration;
			buildSettings = {
				ALWAYS_SEARCH_USER_PATHS = NO;
				CLANG_ANALYZER_NONNULL = YES;
				CLANG_ANALYZER_NUMBER_OBJECT_CONVERSION = YES_AGGRESSIVE;
				CLANG_CXX_LANGUAGE_STANDARD = "gnu++14";
				CLANG_CXX_LIBRARY = "libc++";
				CLANG_ENABLE_MODULES = YES;
				CLANG_ENABLE_OBJC_ARC = YES;
				CLANG_WARN_BLOCK_CAPTURE_AUTORELEASING = YES;
				CLANG_WARN_BOOL_CONVERSION = YES;
				CLANG_WARN_COMMA = YES;
				CLANG_WARN_CONSTANT_CONVERSION = YES;
				CLANG_WARN_DIRECT_OBJC_ISA_USAGE = YES_ERROR;
				CLANG_WARN_DOCUMENTATION_COMMENTS = YES;
				CLANG_WARN_EMPTY_BODY = YES;
				CLANG_WARN_ENUM_CONVERSION = YES;
				CLANG_WARN_INFINITE_RECURSION = YES;
				CLANG_WARN_INT_CONVERSION = YES;
				CLANG_WARN_NON_LITERAL_NULL_CONVERSION = YES;
				CLANG_WARN_OBJC_LITERAL_CONVERSION = YES;
				CLANG_WARN_OBJC_ROOT_CLASS = YES_ERROR;
				CLANG_WARN_RANGE_LOOP_ANALYSIS = YES;
				CLANG_WARN_STRICT_PROTOTYPES = YES;
				CLANG_WARN_SUSPICIOUS_MOVE = YES;
				CLANG_WARN_UNGUARDED_AVAILABILITY = YES_AGGRESSIVE;
				CLANG_WARN_UNREACHABLE_CODE = YES;
				CLANG_WARN__DUPLICATE_METHOD_MATCH = YES;
				CODE_SIGN_IDENTITY = "iPhone Developer";
				COPY_PHASE_STRIP = NO;
				DEBUG_INFORMATION_FORMAT = dwarf;
				ENABLE_STRICT_OBJC_MSGSEND = YES;
				ENABLE_TESTABILITY = YES;
				GCC_C_LANGUAGE_STANDARD = gnu11;
				GCC_DYNAMIC_NO_PIC = NO;
				GCC_NO_COMMON_BLOCKS = YES;
				GCC_OPTIMIZATION_LEVEL = 0;
				GCC_PREPROCESSOR_DEFINITIONS = (
					"DEBUG=1",
					"$(inherited)",
				);
				GCC_WARN_64_TO_32_BIT_CONVERSION = YES;
				GCC_WARN_ABOUT_RETURN_TYPE = YES_ERROR;
				GCC_WARN_UNDECLARED_SELECTOR = YES;
				GCC_WARN_UNINITIALIZED_AUTOS = YES_AGGRESSIVE;
				GCC_WARN_UNUSED_FUNCTION = YES;
				GCC_WARN_UNUSED_VARIABLE = YES;
				IPHONEOS_DEPLOYMENT_TARGET = 11.2;
				MTL_ENABLE_DEBUG_INFO = YES;
				ONLY_ACTIVE_ARCH = YES;
				SDKROOT = iphoneos;
				SWIFT_ACTIVE_COMPILATION_CONDITIONS = DEBUG;
				SWIFT_OPTIMIZATION_LEVEL = "-Onone";
			};
			name = Debug;
		};
		18A29EDF20A7F3ED00AC78D6 /* Release */ = {
			isa = XCBuildConfiguration;
			buildSettings = {
				ALWAYS_SEARCH_USER_PATHS = NO;
				CLANG_ANALYZER_NONNULL = YES;
				CLANG_ANALYZER_NUMBER_OBJECT_CONVERSION = YES_AGGRESSIVE;
				CLANG_CXX_LANGUAGE_STANDARD = "gnu++14";
				CLANG_CXX_LIBRARY = "libc++";
				CLANG_ENABLE_MODULES = YES;
				CLANG_ENABLE_OBJC_ARC = YES;
				CLANG_WARN_BLOCK_CAPTURE_AUTORELEASING = YES;
				CLANG_WARN_BOOL_CONVERSION = YES;
				CLANG_WARN_COMMA = YES;
				CLANG_WARN_CONSTANT_CONVERSION = YES;
				CLANG_WARN_DIRECT_OBJC_ISA_USAGE = YES_ERROR;
				CLANG_WARN_DOCUMENTATION_COMMENTS = YES;
				CLANG_WARN_EMPTY_BODY = YES;
				CLANG_WARN_ENUM_CONVERSION = YES;
				CLANG_WARN_INFINITE_RECURSION = YES;
				CLANG_WARN_INT_CONVERSION = YES;
				CLANG_WARN_NON_LITERAL_NULL_CONVERSION = YES;
				CLANG_WARN_OBJC_LITERAL_CONVERSION = YES;
				CLANG_WARN_OBJC_ROOT_CLASS = YES_ERROR;
				CLANG_WARN_RANGE_LOOP_ANALYSIS = YES;
				CLANG_WARN_STRICT_PROTOTYPES = YES;
				CLANG_WARN_SUSPICIOUS_MOVE = YES;
				CLANG_WARN_UNGUARDED_AVAILABILITY = YES_AGGRESSIVE;
				CLANG_WARN_UNREACHABLE_CODE = YES;
				CLANG_WARN__DUPLICATE_METHOD_MATCH = YES;
				CODE_SIGN_IDENTITY = "iPhone Developer";
				COPY_PHASE_STRIP = NO;
				DEBUG_INFORMATION_FORMAT = "dwarf-with-dsym";
				ENABLE_NS_ASSERTIONS = NO;
				ENABLE_STRICT_OBJC_MSGSEND = YES;
				GCC_C_LANGUAGE_STANDARD = gnu11;
				GCC_NO_COMMON_BLOCKS = YES;
				GCC_WARN_64_TO_32_BIT_CONVERSION = YES;
				GCC_WARN_ABOUT_RETURN_TYPE = YES_ERROR;
				GCC_WARN_UNDECLARED_SELECTOR = YES;
				GCC_WARN_UNINITIALIZED_AUTOS = YES_AGGRESSIVE;
				GCC_WARN_UNUSED_FUNCTION = YES;
				GCC_WARN_UNUSED_VARIABLE = YES;
				IPHONEOS_DEPLOYMENT_TARGET = 11.2;
				MTL_ENABLE_DEBUG_INFO = NO;
				SDKROOT = iphoneos;
				SWIFT_OPTIMIZATION_LEVEL = "-Owholemodule";
				VALIDATE_PRODUCT = YES;
			};
			name = Release;
		};
		18A29EE120A7F3ED00AC78D6 /* Debug */ = {
			isa = XCBuildConfiguration;
			buildSettings = {
				ASSETCATALOG_COMPILER_APPICON_NAME = AppIcon;
				CODE_SIGN_STYLE = Automatic;
				INFOPLIST_FILE = CIISgame/Info.plist;
				LD_RUNPATH_SEARCH_PATHS = "$(inherited) @executable_path/Frameworks";
				PRODUCT_BUNDLE_IDENTIFIER = com.esis.CIISgame.CIISgame;
				PRODUCT_NAME = "$(TARGET_NAME)";
				SWIFT_VERSION = 4.0;
				TARGETED_DEVICE_FAMILY = "1,2";
			};
			name = Debug;
		};
		18A29EE220A7F3ED00AC78D6 /* Release */ = {
			isa = XCBuildConfiguration;
			buildSettings = {
				ASSETCATALOG_COMPILER_APPICON_NAME = AppIcon;
				CODE_SIGN_STYLE = Automatic;
				INFOPLIST_FILE = CIISgame/Info.plist;
				LD_RUNPATH_SEARCH_PATHS = "$(inherited) @executable_path/Frameworks";
				PRODUCT_BUNDLE_IDENTIFIER = com.esis.CIISgame.CIISgame;
				PRODUCT_NAME = "$(TARGET_NAME)";
				SWIFT_VERSION = 4.0;
				TARGETED_DEVICE_FAMILY = "1,2";
			};
			name = Release;
		};
		18A29EE420A7F3ED00AC78D6 /* Debug */ = {
			isa = XCBuildConfiguration;
			buildSettings = {
				ALWAYS_EMBED_SWIFT_STANDARD_LIBRARIES = YES;
				BUNDLE_LOADER = "$(TEST_HOST)";
				CODE_SIGN_STYLE = Automatic;
				INFOPLIST_FILE = CIISgameTests/Info.plist;
				LD_RUNPATH_SEARCH_PATHS = "$(inherited) @executable_path/Frameworks @loader_path/Frameworks";
				PRODUCT_BUNDLE_IDENTIFIER = com.esis.CIISgame.CIISgameTests;
				PRODUCT_NAME = "$(TARGET_NAME)";
				SWIFT_VERSION = 4.0;
				TARGETED_DEVICE_FAMILY = "1,2";
				TEST_HOST = "$(BUILT_PRODUCTS_DIR)/CIISgame.app/CIISgame";
			};
			name = Debug;
		};
		18A29EE520A7F3ED00AC78D6 /* Release */ = {
			isa = XCBuildConfiguration;
			buildSettings = {
				ALWAYS_EMBED_SWIFT_STANDARD_LIBRARIES = YES;
				BUNDLE_LOADER = "$(TEST_HOST)";
				CODE_SIGN_STYLE = Automatic;
				INFOPLIST_FILE = CIISgameTests/Info.plist;
				LD_RUNPATH_SEARCH_PATHS = "$(inherited) @executable_path/Frameworks @loader_path/Frameworks";
				PRODUCT_BUNDLE_IDENTIFIER = com.esis.CIISgame.CIISgameTests;
				PRODUCT_NAME = "$(TARGET_NAME)";
				SWIFT_VERSION = 4.0;
				TARGETED_DEVICE_FAMILY = "1,2";
				TEST_HOST = "$(BUILT_PRODUCTS_DIR)/CIISgame.app/CIISgame";
			};
			name = Release;
		};
		18A29EE720A7F3ED00AC78D6 /* Debug */ = {
			isa = XCBuildConfiguration;
			buildSettings = {
				ALWAYS_EMBED_SWIFT_STANDARD_LIBRARIES = YES;
				CODE_SIGN_STYLE = Automatic;
				INFOPLIST_FILE = CIISgameUITests/Info.plist;
				LD_RUNPATH_SEARCH_PATHS = "$(inherited) @executable_path/Frameworks @loader_path/Frameworks";
				PRODUCT_BUNDLE_IDENTIFIER = com.esis.CIISgame.CIISgameUITests;
				PRODUCT_NAME = "$(TARGET_NAME)";
				SWIFT_VERSION = 4.0;
				TARGETED_DEVICE_FAMILY = "1,2";
				TEST_TARGET_NAME = CIISgame;
			};
			name = Debug;
		};
		18A29EE820A7F3ED00AC78D6 /* Release */ = {
			isa = XCBuildConfiguration;
			buildSettings = {
				ALWAYS_EMBED_SWIFT_STANDARD_LIBRARIES = YES;
				CODE_SIGN_STYLE = Automatic;
				INFOPLIST_FILE = CIISgameUITests/Info.plist;
				LD_RUNPATH_SEARCH_PATHS = "$(inherited) @executable_path/Frameworks @loader_path/Frameworks";
				PRODUCT_BUNDLE_IDENTIFIER = com.esis.CIISgame.CIISgameUITests;
				PRODUCT_NAME = "$(TARGET_NAME)";
				SWIFT_VERSION = 4.0;
				TARGETED_DEVICE_FAMILY = "1,2";
				TEST_TARGET_NAME = CIISgame;
			};
			name = Release;
		};
/* End XCBuildConfiguration section */

/* Begin XCConfigurationList section */
		18A29EB020A7F3ED00AC78D6 /* Build configuration list for PBXProject "CIISgame" */ = {
			isa = XCConfigurationList;
			buildConfigurations = (
				18A29EDE20A7F3ED00AC78D6 /* Debug */,
				18A29EDF20A7F3ED00AC78D6 /* Release */,
			);
			defaultConfigurationIsVisible = 0;
			defaultConfigurationName = Release;
		};
		18A29EE020A7F3ED00AC78D6 /* Build configuration list for PBXNativeTarget "CIISgame" */ = {
			isa = XCConfigurationList;
			buildConfigurations = (
				18A29EE120A7F3ED00AC78D6 /* Debug */,
				18A29EE220A7F3ED00AC78D6 /* Release */,
			);
			defaultConfigurationIsVisible = 0;
			defaultConfigurationName = Release;
		};
		18A29EE320A7F3ED00AC78D6 /* Build configuration list for PBXNativeTarget "CIISgameTests" */ = {
			isa = XCConfigurationList;
			buildConfigurations = (
				18A29EE420A7F3ED00AC78D6 /* Debug */,
				18A29EE520A7F3ED00AC78D6 /* Release */,
			);
			defaultConfigurationIsVisible = 0;
			defaultConfigurationName = Release;
		};
		18A29EE620A7F3ED00AC78D6 /* Build configuration list for PBXNativeTarget "CIISgameUITests" */ = {
			isa = XCConfigurationList;
			buildConfigurations = (
				18A29EE720A7F3ED00AC78D6 /* Debug */,
				18A29EE820A7F3ED00AC78D6 /* Release */,
			);
			defaultConfigurationIsVisible = 0;
			defaultConfigurationName = Release;
		};
/* End XCConfigurationList section */

/* Begin XCVersionGroup section */
		18A29EBF20A7F3ED00AC78D6 /* CIISgame.xcdatamodeld */ = {
			isa = XCVersionGroup;
			children = (
				18A29EC020A7F3ED00AC78D6 /* CIISgame.xcdatamodel */,
			);
			currentVersion = 18A29EC020A7F3ED00AC78D6 /* CIISgame.xcdatamodel */;
			path = CIISgame.xcdatamodeld;
			sourceTree = "<group>";
			versionGroupType = wrapper.xcdatamodel;
		};
/* End XCVersionGroup section */
	};
	rootObject = 18A29EAD20A7F3ED00AC78D6 /* Project object */;
}
